// !$*UTF8*$!
{
	archiveVersion = 1;
	classes = {
	};
	objectVersion = 56;
	objects = {

/* Begin PBXBuildFile section */
		3310DFDC2BA2C861006A5E09 /* CustomCircleView.swift in Sources */ = {isa = PBXBuildFile; fileRef = 3310DFDB2BA2C861006A5E09 /* CustomCircleView.swift */; };
		3310DFDE2BA2C9FB006A5E09 /* MotionAnimationView.swift in Sources */ = {isa = PBXBuildFile; fileRef = 3310DFDD2BA2C9FB006A5E09 /* MotionAnimationView.swift */; };
		3310DFE12BA2E1DB006A5E09 /* MotionAnimationConstants.swift in Sources */ = {isa = PBXBuildFile; fileRef = 3310DFE02BA2E1DB006A5E09 /* MotionAnimationConstants.swift */; };
		333A921A2BA0CDC100CC7993 /* HikingApp.swift in Sources */ = {isa = PBXBuildFile; fileRef = 333A92192BA0CDC100CC7993 /* HikingApp.swift */; };
		333A921C2BA0CDC100CC7993 /* ContentView.swift in Sources */ = {isa = PBXBuildFile; fileRef = 333A921B2BA0CDC100CC7993 /* ContentView.swift */; };
		333A921E2BA0CDC300CC7993 /* Assets.xcassets in Resources */ = {isa = PBXBuildFile; fileRef = 333A921D2BA0CDC300CC7993 /* Assets.xcassets */; };
		333A92212BA0CDC300CC7993 /* Preview Assets.xcassets in Resources */ = {isa = PBXBuildFile; fileRef = 333A92202BA0CDC300CC7993 /* Preview Assets.xcassets */; };
		333A922A2BA0CE5900CC7993 /* CardView.swift in Sources */ = {isa = PBXBuildFile; fileRef = 333A92292BA0CE5900CC7993 /* CardView.swift */; };
		333A923E2BA1057900CC7993 /* CustomBackgroundView.swift in Sources */ = {isa = PBXBuildFile; fileRef = 333A923D2BA1057900CC7993 /* CustomBackgroundView.swift */; };
		333A92402BA166D600CC7993 /* CustomButtonView.swift in Sources */ = {isa = PBXBuildFile; fileRef = 333A923F2BA166D600CC7993 /* CustomButtonView.swift */; };
		333A92442BA16A0C00CC7993 /* Gradient+ButtonStyle.swift in Sources */ = {isa = PBXBuildFile; fileRef = 333A92432BA16A0C00CC7993 /* Gradient+ButtonStyle.swift */; };
/* End PBXBuildFile section */

/* Begin PBXFileReference section */
		3310DFDB2BA2C861006A5E09 /* CustomCircleView.swift */ = {isa = PBXFileReference; lastKnownFileType = sourcecode.swift; path = CustomCircleView.swift; sourceTree = "<group>"; };
		3310DFDD2BA2C9FB006A5E09 /* MotionAnimationView.swift */ = {isa = PBXFileReference; lastKnownFileType = sourcecode.swift; path = MotionAnimationView.swift; sourceTree = "<group>"; };
		3310DFE02BA2E1DB006A5E09 /* MotionAnimationConstants.swift */ = {isa = PBXFileReference; lastKnownFileType = sourcecode.swift; path = MotionAnimationConstants.swift; sourceTree = "<group>"; };
		333A92162BA0CDC100CC7993 /* HikingApp.app */ = {isa = PBXFileReference; explicitFileType = wrapper.application; includeInIndex = 0; path = HikingApp.app; sourceTree = BUILT_PRODUCTS_DIR; };
		333A92192BA0CDC100CC7993 /* HikingApp.swift */ = {isa = PBXFileReference; lastKnownFileType = sourcecode.swift; path = HikingApp.swift; sourceTree = "<group>"; };
		333A921B2BA0CDC100CC7993 /* ContentView.swift */ = {isa = PBXFileReference; lastKnownFileType = sourcecode.swift; path = ContentView.swift; sourceTree = "<group>"; };
		333A921D2BA0CDC300CC7993 /* Assets.xcassets */ = {isa = PBXFileReference; lastKnownFileType = folder.assetcatalog; path = Assets.xcassets; sourceTree = "<group>"; };
		333A92202BA0CDC300CC7993 /* Preview Assets.xcassets */ = {isa = PBXFileReference; lastKnownFileType = folder.assetcatalog; path = "Preview Assets.xcassets"; sourceTree = "<group>"; };
		333A92292BA0CE5900CC7993 /* CardView.swift */ = {isa = PBXFileReference; lastKnownFileType = sourcecode.swift; path = CardView.swift; sourceTree = "<group>"; };
		333A923D2BA1057900CC7993 /* CustomBackgroundView.swift */ = {isa = PBXFileReference; lastKnownFileType = sourcecode.swift; path = CustomBackgroundView.swift; sourceTree = "<group>"; };
		333A923F2BA166D600CC7993 /* CustomButtonView.swift */ = {isa = PBXFileReference; lastKnownFileType = sourcecode.swift; path = CustomButtonView.swift; sourceTree = "<group>"; };
		333A92432BA16A0C00CC7993 /* Gradient+ButtonStyle.swift */ = {isa = PBXFileReference; lastKnownFileType = sourcecode.swift; path = "Gradient+ButtonStyle.swift"; sourceTree = "<group>"; };
/* End PBXFileReference section */

/* Begin PBXFrameworksBuildPhase section */
		333A92132BA0CDC100CC7993 /* Frameworks */ = {
			isa = PBXFrameworksBuildPhase;
			buildActionMask = 2147483647;
			files = (
			);
			runOnlyForDeploymentPostprocessing = 0;
		};
/* End PBXFrameworksBuildPhase section */

/* Begin PBXGroup section */
		3310DFDA2BA2C843006A5E09 /* Components */ = {
			isa = PBXGroup;
			children = (
				3310DFDF2BA2E1C5006A5E09 /* MotionAnimation */,
				333A923D2BA1057900CC7993 /* CustomBackgroundView.swift */,
				333A923F2BA166D600CC7993 /* CustomButtonView.swift */,
				3310DFDB2BA2C861006A5E09 /* CustomCircleView.swift */,
			);
			path = Components;
			sourceTree = "<group>";
		};
		3310DFDF2BA2E1C5006A5E09 /* MotionAnimation */ = {
			isa = PBXGroup;
			children = (
				3310DFDD2BA2C9FB006A5E09 /* MotionAnimationView.swift */,
				3310DFE02BA2E1DB006A5E09 /* MotionAnimationConstants.swift */,
			);
			path = MotionAnimation;
			sourceTree = "<group>";
		};
		333A920D2BA0CDC100CC7993 = {
			isa = PBXGroup;
			children = (
				333A92182BA0CDC100CC7993 /* HikingApp */,
				333A92172BA0CDC100CC7993 /* Products */,
			);
			sourceTree = "<group>";
		};
		333A92172BA0CDC100CC7993 /* Products */ = {
			isa = PBXGroup;
			children = (
				333A92162BA0CDC100CC7993 /* HikingApp.app */,
			);
			name = Products;
			sourceTree = "<group>";
		};
		333A92182BA0CDC100CC7993 /* HikingApp */ = {
			isa = PBXGroup;
			children = (
				333A92412BA169E100CC7993 /* Helpers */,
				333A92272BA0CDEB00CC7993 /* Views */,
				333A92192BA0CDC100CC7993 /* HikingApp.swift */,
				333A921B2BA0CDC100CC7993 /* ContentView.swift */,
				333A921D2BA0CDC300CC7993 /* Assets.xcassets */,
				333A921F2BA0CDC300CC7993 /* Preview Content */,
			);
			path = HikingApp;
			sourceTree = "<group>";
		};
		333A921F2BA0CDC300CC7993 /* Preview Content */ = {
			isa = PBXGroup;
			children = (
				333A92202BA0CDC300CC7993 /* Preview Assets.xcassets */,
			);
			path = "Preview Content";
			sourceTree = "<group>";
		};
		333A92272BA0CDEB00CC7993 /* Views */ = {
			isa = PBXGroup;
			children = (
				333A92292BA0CE5900CC7993 /* CardView.swift */,
			);
			path = Views;
			sourceTree = "<group>";
		};
		333A92412BA169E100CC7993 /* Helpers */ = {
			isa = PBXGroup;
			children = (
				3310DFDA2BA2C843006A5E09 /* Components */,
				333A92422BA169F000CC7993 /* Utility */,
			);
			path = Helpers;
			sourceTree = "<group>";
		};
		333A92422BA169F000CC7993 /* Utility */ = {
			isa = PBXGroup;
			children = (
				333A92432BA16A0C00CC7993 /* Gradient+ButtonStyle.swift */,
			);
			path = Utility;
			sourceTree = "<group>";
		};
/* End PBXGroup section */

/* Begin PBXNativeTarget section */
		333A92152BA0CDC100CC7993 /* HikingApp */ = {
			isa = PBXNativeTarget;
			buildConfigurationList = 333A92242BA0CDC300CC7993 /* Build configuration list for PBXNativeTarget "HikingApp" */;
			buildPhases = (
				333A92122BA0CDC100CC7993 /* Sources */,
				333A92132BA0CDC100CC7993 /* Frameworks */,
				333A92142BA0CDC100CC7993 /* Resources */,
			);
			buildRules = (
			);
			dependencies = (
			);
			name = HikingApp;
			productName = HikingApp;
			productReference = 333A92162BA0CDC100CC7993 /* HikingApp.app */;
			productType = "com.apple.product-type.application";
		};
/* End PBXNativeTarget section */

/* Begin PBXProject section */
		333A920E2BA0CDC100CC7993 /* Project object */ = {
			isa = PBXProject;
			attributes = {
				BuildIndependentTargetsInParallel = 1;
				LastSwiftUpdateCheck = 1500;
				LastUpgradeCheck = 1500;
				TargetAttributes = {
					333A92152BA0CDC100CC7993 = {
						CreatedOnToolsVersion = 15.0;
					};
				};
			};
			buildConfigurationList = 333A92112BA0CDC100CC7993 /* Build configuration list for PBXProject "HikingApp" */;
			compatibilityVersion = "Xcode 14.0";
			developmentRegion = en;
			hasScannedForEncodings = 0;
			knownRegions = (
				en,
				Base,
			);
			mainGroup = 333A920D2BA0CDC100CC7993;
			productRefGroup = 333A92172BA0CDC100CC7993 /* Products */;
			projectDirPath = "";
			projectRoot = "";
			targets = (
				333A92152BA0CDC100CC7993 /* HikingApp */,
			);
		};
/* End PBXProject section */

/* Begin PBXResourcesBuildPhase section */
		333A92142BA0CDC100CC7993 /* Resources */ = {
			isa = PBXResourcesBuildPhase;
			buildActionMask = 2147483647;
			files = (
				333A92212BA0CDC300CC7993 /* Preview Assets.xcassets in Resources */,
				333A921E2BA0CDC300CC7993 /* Assets.xcassets in Resources */,
			);
			runOnlyForDeploymentPostprocessing = 0;
		};
/* End PBXResourcesBuildPhase section */

/* Begin PBXSourcesBuildPhase section */
		333A92122BA0CDC100CC7993 /* Sources */ = {
			isa = PBXSourcesBuildPhase;
			buildActionMask = 2147483647;
			files = (
				333A92402BA166D600CC7993 /* CustomButtonView.swift in Sources */,
				333A923E2BA1057900CC7993 /* CustomBackgroundView.swift in Sources */,
				333A922A2BA0CE5900CC7993 /* CardView.swift in Sources */,
				3310DFDC2BA2C861006A5E09 /* CustomCircleView.swift in Sources */,
				333A92442BA16A0C00CC7993 /* Gradient+ButtonStyle.swift in Sources */,
				3310DFDE2BA2C9FB006A5E09 /* MotionAnimationView.swift in Sources */,
				333A921C2BA0CDC100CC7993 /* ContentView.swift in Sources */,
				333A921A2BA0CDC100CC7993 /* HikingApp.swift in Sources */,
				3310DFE12BA2E1DB006A5E09 /* MotionAnimationConstants.swift in Sources */,
			);
			runOnlyForDeploymentPostprocessing = 0;
		};
/* End PBXSourcesBuildPhase section */

/* Begin XCBuildConfiguration section */
		333A92222BA0CDC300CC7993 /* Debug */ = {
			isa = XCBuildConfiguration;
			buildSettings = {
				ALWAYS_SEARCH_USER_PATHS = NO;
				ASSETCATALOG_COMPILER_GENERATE_SWIFT_ASSET_SYMBOL_EXTENSIONS = YES;
				CLANG_ANALYZER_NONNULL = YES;
				CLANG_ANALYZER_NUMBER_OBJECT_CONVERSION = YES_AGGRESSIVE;
				CLANG_CXX_LANGUAGE_STANDARD = "gnu++20";
				CLANG_ENABLE_MODULES = YES;
				CLANG_ENABLE_OBJC_ARC = YES;
				CLANG_ENABLE_OBJC_WEAK = YES;
				CLANG_WARN_BLOCK_CAPTURE_AUTORELEASING = YES;
				CLANG_WARN_BOOL_CONVERSION = YES;
				CLANG_WARN_COMMA = YES;
				CLANG_WARN_CONSTANT_CONVERSION = YES;
				CLANG_WARN_DEPRECATED_OBJC_IMPLEMENTATIONS = YES;
				CLANG_WARN_DIRECT_OBJC_ISA_USAGE = YES_ERROR;
				CLANG_WARN_DOCUMENTATION_COMMENTS = YES;
				CLANG_WARN_EMPTY_BODY = YES;
				CLANG_WARN_ENUM_CONVERSION = YES;
				CLANG_WARN_INFINITE_RECURSION = YES;
				CLANG_WARN_INT_CONVERSION = YES;
				CLANG_WARN_NON_LITERAL_NULL_CONVERSION = YES;
				CLANG_WARN_OBJC_IMPLICIT_RETAIN_SELF = YES;
				CLANG_WARN_OBJC_LITERAL_CONVERSION = YES;
				CLANG_WARN_OBJC_ROOT_CLASS = YES_ERROR;
				CLANG_WARN_QUOTED_INCLUDE_IN_FRAMEWORK_HEADER = YES;
				CLANG_WARN_RANGE_LOOP_ANALYSIS = YES;
				CLANG_WARN_STRICT_PROTOTYPES = YES;
				CLANG_WARN_SUSPICIOUS_MOVE = YES;
				CLANG_WARN_UNGUARDED_AVAILABILITY = YES_AGGRESSIVE;
				CLANG_WARN_UNREACHABLE_CODE = YES;
				CLANG_WARN__DUPLICATE_METHOD_MATCH = YES;
				COPY_PHASE_STRIP = NO;
				DEBUG_INFORMATION_FORMAT = dwarf;
				ENABLE_STRICT_OBJC_MSGSEND = YES;
				ENABLE_TESTABILITY = YES;
				ENABLE_USER_SCRIPT_SANDBOXING = YES;
				GCC_C_LANGUAGE_STANDARD = gnu17;
				GCC_DYNAMIC_NO_PIC = NO;
				GCC_NO_COMMON_BLOCKS = YES;
				GCC_OPTIMIZATION_LEVEL = 0;
				GCC_PREPROCESSOR_DEFINITIONS = (
					"DEBUG=1",
					"$(inherited)",
				);
				GCC_WARN_64_TO_32_BIT_CONVERSION = YES;
				GCC_WARN_ABOUT_RETURN_TYPE = YES_ERROR;
				GCC_WARN_UNDECLARED_SELECTOR = YES;
				GCC_WARN_UNINITIALIZED_AUTOS = YES_AGGRESSIVE;
				GCC_WARN_UNUSED_FUNCTION = YES;
				GCC_WARN_UNUSED_VARIABLE = YES;
				IPHONEOS_DEPLOYMENT_TARGET = 17.0;
				LOCALIZATION_PREFERS_STRING_CATALOGS = YES;
				MTL_ENABLE_DEBUG_INFO = INCLUDE_SOURCE;
				MTL_FAST_MATH = YES;
				ONLY_ACTIVE_ARCH = YES;
				SDKROOT = iphoneos;
				SWIFT_ACTIVE_COMPILATION_CONDITIONS = "DEBUG $(inherited)";
				SWIFT_OPTIMIZATION_LEVEL = "-Onone";
			};
			name = Debug;
		};
		333A92232BA0CDC300CC7993 /* Release */ = {
			isa = XCBuildConfiguration;
			buildSettings = {
				ALWAYS_SEARCH_USER_PATHS = NO;
				ASSETCATALOG_COMPILER_GENERATE_SWIFT_ASSET_SYMBOL_EXTENSIONS = YES;
				CLANG_ANALYZER_NONNULL = YES;
				CLANG_ANALYZER_NUMBER_OBJECT_CONVERSION = YES_AGGRESSIVE;
				CLANG_CXX_LANGUAGE_STANDARD = "gnu++20";
				CLANG_ENABLE_MODULES = YES;
				CLANG_ENABLE_OBJC_ARC = YES;
				CLANG_ENABLE_OBJC_WEAK = YES;
				CLANG_WARN_BLOCK_CAPTURE_AUTORELEASING = YES;
				CLANG_WARN_BOOL_CONVERSION = YES;
				CLANG_WARN_COMMA = YES;
				CLANG_WARN_CONSTANT_CONVERSION = YES;
				CLANG_WARN_DEPRECATED_OBJC_IMPLEMENTATIONS = YES;
				CLANG_WARN_DIRECT_OBJC_ISA_USAGE = YES_ERROR;
				CLANG_WARN_DOCUMENTATION_COMMENTS = YES;
				CLANG_WARN_EMPTY_BODY = YES;
				CLANG_WARN_ENUM_CONVERSION = YES;
				CLANG_WARN_INFINITE_RECURSION = YES;
				CLANG_WARN_INT_CONVERSION = YES;
				CLANG_WARN_NON_LITERAL_NULL_CONVERSION = YES;
				CLANG_WARN_OBJC_IMPLICIT_RETAIN_SELF = YES;
				CLANG_WARN_OBJC_LITERAL_CONVERSION = YES;
				CLANG_WARN_OBJC_ROOT_CLASS = YES_ERROR;
				CLANG_WARN_QUOTED_INCLUDE_IN_FRAMEWORK_HEADER = YES;
				CLANG_WARN_RANGE_LOOP_ANALYSIS = YES;
				CLANG_WARN_STRICT_PROTOTYPES = YES;
				CLANG_WARN_SUSPICIOUS_MOVE = YES;
				CLANG_WARN_UNGUARDED_AVAILABILITY = YES_AGGRESSIVE;
				CLANG_WARN_UNREACHABLE_CODE = YES;
				CLANG_WARN__DUPLICATE_METHOD_MATCH = YES;
				COPY_PHASE_STRIP = NO;
				DEBUG_INFORMATION_FORMAT = "dwarf-with-dsym";
				ENABLE_NS_ASSERTIONS = NO;
				ENABLE_STRICT_OBJC_MSGSEND = YES;
				ENABLE_USER_SCRIPT_SANDBOXING = YES;
				GCC_C_LANGUAGE_STANDARD = gnu17;
				GCC_NO_COMMON_BLOCKS = YES;
				GCC_WARN_64_TO_32_BIT_CONVERSION = YES;
				GCC_WARN_ABOUT_RETURN_TYPE = YES_ERROR;
				GCC_WARN_UNDECLARED_SELECTOR = YES;
				GCC_WARN_UNINITIALIZED_AUTOS = YES_AGGRESSIVE;
				GCC_WARN_UNUSED_FUNCTION = YES;
				GCC_WARN_UNUSED_VARIABLE = YES;
				IPHONEOS_DEPLOYMENT_TARGET = 17.0;
				LOCALIZATION_PREFERS_STRING_CATALOGS = YES;
				MTL_ENABLE_DEBUG_INFO = NO;
				MTL_FAST_MATH = YES;
				SDKROOT = iphoneos;
				SWIFT_COMPILATION_MODE = wholemodule;
				VALIDATE_PRODUCT = YES;
			};
			name = Release;
		};
		333A92252BA0CDC300CC7993 /* Debug */ = {
			isa = XCBuildConfiguration;
			buildSettings = {
				ASSETCATALOG_COMPILER_APPICON_NAME = AppIcon;
				ASSETCATALOG_COMPILER_GLOBAL_ACCENT_COLOR_NAME = AccentColor;
				CODE_SIGN_STYLE = Automatic;
				CURRENT_PROJECT_VERSION = 1;
				DEVELOPMENT_ASSET_PATHS = "\"HikingApp/Preview Content\"";
				ENABLE_PREVIEWS = YES;
				GENERATE_INFOPLIST_FILE = YES;
				INFOPLIST_KEY_UIApplicationSceneManifest_Generation = YES;
				INFOPLIST_KEY_UIApplicationSupportsIndirectInputEvents = YES;
				INFOPLIST_KEY_UILaunchScreen_Generation = YES;
				INFOPLIST_KEY_UISupportedInterfaceOrientations_iPad = "UIInterfaceOrientationPortrait UIInterfaceOrientationPortraitUpsideDown UIInterfaceOrientationLandscapeLeft UIInterfaceOrientationLandscapeRight";
				INFOPLIST_KEY_UISupportedInterfaceOrientations_iPhone = "UIInterfaceOrientationPortrait UIInterfaceOrientationLandscapeLeft UIInterfaceOrientationLandscapeRight";
				LD_RUNPATH_SEARCH_PATHS = (
					"$(inherited)",
					"@executable_path/Frameworks",
				);
				MARKETING_VERSION = 1.0;
				PRODUCT_BUNDLE_IDENTIFIER = com.santeliz.HikingApp;
				PRODUCT_NAME = "$(TARGET_NAME)";
				SWIFT_EMIT_LOC_STRINGS = YES;
				SWIFT_VERSION = 5.0;
				TARGETED_DEVICE_FAMILY = "1,2";
			};
			name = Debug;
		};
		333A92262BA0CDC300CC7993 /* Release */ = {
			isa = XCBuildConfiguration;
			buildSettings = {
				ASSETCATALOG_COMPILER_APPICON_NAME = AppIcon;
				ASSETCATALOG_COMPILER_GLOBAL_ACCENT_COLOR_NAME = AccentColor;
				CODE_SIGN_STYLE = Automatic;
				CURRENT_PROJECT_VERSION = 1;
				DEVELOPMENT_ASSET_PATHS = "\"HikingApp/Preview Content\"";
				ENABLE_PREVIEWS = YES;
				GENERATE_INFOPLIST_FILE = YES;
				INFOPLIST_KEY_UIApplicationSceneManifest_Generation = YES;
				INFOPLIST_KEY_UIApplicationSupportsIndirectInputEvents = YES;
				INFOPLIST_KEY_UILaunchScreen_Generation = YES;
				INFOPLIST_KEY_UISupportedInterfaceOrientations_iPad = "UIInterfaceOrientationPortrait UIInterfaceOrientationPortraitUpsideDown UIInterfaceOrientationLandscapeLeft UIInterfaceOrientationLandscapeRight";
				INFOPLIST_KEY_UISupportedInterfaceOrientations_iPhone = "UIInterfaceOrientationPortrait UIInterfaceOrientationLandscapeLeft UIInterfaceOrientationLandscapeRight";
				LD_RUNPATH_SEARCH_PATHS = (
					"$(inherited)",
					"@executable_path/Frameworks",
				);
				MARKETING_VERSION = 1.0;
				PRODUCT_BUNDLE_IDENTIFIER = com.santeliz.HikingApp;
				PRODUCT_NAME = "$(TARGET_NAME)";
				SWIFT_EMIT_LOC_STRINGS = YES;
				SWIFT_VERSION = 5.0;
				TARGETED_DEVICE_FAMILY = "1,2";
			};
			name = Release;
		};
/* End XCBuildConfiguration section */

/* Begin XCConfigurationList section */
		333A92112BA0CDC100CC7993 /* Build configuration list for PBXProject "HikingApp" */ = {
			isa = XCConfigurationList;
			buildConfigurations = (
				333A92222BA0CDC300CC7993 /* Debug */,
				333A92232BA0CDC300CC7993 /* Release */,
			);
			defaultConfigurationIsVisible = 0;
			defaultConfigurationName = Release;
		};
		333A92242BA0CDC300CC7993 /* Build configuration list for PBXNativeTarget "HikingApp" */ = {
			isa = XCConfigurationList;
			buildConfigurations = (
				333A92252BA0CDC300CC7993 /* Debug */,
				333A92262BA0CDC300CC7993 /* Release */,
			);
			defaultConfigurationIsVisible = 0;
			defaultConfigurationName = Release;
		};
/* End XCConfigurationList section */
	};
	rootObject = 333A920E2BA0CDC100CC7993 /* Project object */;
}
